
Microsoft Visual Studio Solution File, Format Version 12.00
# Visual Studio Version 17
VisualStudioVersion = 17.11.35222.181
MinimumVisualStudioVersion = 10.0.40219.1
Project("{2150E333-8FDC-42A3-9474-1A3956D46DE8}") = "Task0", "Task0", "{08A6494A-1D3A-4A88-9765-971BED575609}"
EndProject
Project("{9A19103F-16F7-4668-BE54-9A1E7A4F7556}") = "Tuiu.AvdeevAS.Sprint0.Task0.V0", "Tuiu.AvdeevAS.Sprint0.Task0.V0\Tuiu.AvdeevAS.Sprint0.Task0.V0.csproj", "{8DC0F424-8FCB-42E7-9B10-7CEF73E986E4}"
EndProject
Project("{2150E333-8FDC-42A3-9474-1A3956D46DE8}") = "Task1", "Task1", "{79E27967-9D6F-4E17-B547-C147E5B2B9F1}"
EndProject
Project("{FAE04EC0-301F-11D3-BF4B-00C04F79EFBC}") = "Tyuiu.AvdeevAS.Sprint0.Task1.V0", "Tyuiu.AvdeevAS.Sprint0.Task1.V0\Tyuiu.AvdeevAS.Sprint0.Task1.V0.csproj", "{929D82F0-99F0-4B69-BBBA-BF1874EA1B74}"
EndProject
Global
	GlobalSection(SolutionConfigurationPlatforms) = preSolution
		Debug|Any CPU = Debug|Any CPU
		Release|Any CPU = Release|Any CPU
	EndGlobalSection
	GlobalSection(ProjectConfigurationPlatforms) = postSolution
		{8DC0F424-8FCB-42E7-9B10-7CEF73E986E4}.Debug|Any CPU.ActiveCfg = Debug|Any CPU
		{8DC0F424-8FCB-42E7-9B10-7CEF73E986E4}.Debug|Any CPU.Build.0 = Debug|Any CPU
		{8DC0F424-8FCB-42E7-9B10-7CEF73E986E4}.Release|Any CPU.ActiveCfg = Release|Any CPU
		{8DC0F424-8FCB-42E7-9B10-7CEF73E986E4}.Release|Any CPU.Build.0 = Release|Any CPU
		{929D82F0-99F0-4B69-BBBA-BF1874EA1B74}.Debug|Any CPU.ActiveCfg = Debug|Any CPU
		{929D82F0-99F0-4B69-BBBA-BF1874EA1B74}.Debug|Any CPU.Build.0 = Debug|Any CPU
		{929D82F0-99F0-4B69-BBBA-BF1874EA1B74}.Release|Any CPU.ActiveCfg = Release|Any CPU
		{929D82F0-99F0-4B69-BBBA-BF1874EA1B74}.Release|Any CPU.Build.0 = Release|Any CPU
	EndGlobalSection
	GlobalSection(SolutionProperties) = preSolution
		HideSolutionNode = FALSE
	EndGlobalSection
	GlobalSection(NestedProjects) = preSolution
		{8DC0F424-8FCB-42E7-9B10-7CEF73E986E4} = {08A6494A-1D3A-4A88-9765-971BED575609}
		{929D82F0-99F0-4B69-BBBA-BF1874EA1B74} = {79E27967-9D6F-4E17-B547-C147E5B2B9F1}
	EndGlobalSection
	GlobalSection(ExtensibilityGlobals) = postSolution
		SolutionGuid = {3A609B39-22F6-4C1C-B58C-4F6E9D9C1C9E}
	EndGlobalSection
EndGlobal
