
Microsoft Visual Studio Solution File, Format Version 12.00
# Visual Studio Version 17
VisualStudioVersion = 17.11.35222.181
MinimumVisualStudioVersion = 10.0.40219.1
Project("{2150E333-8FDC-42A3-9474-1A3956D46DE8}") = "Task0", "Task0", "{08A6494A-1D3A-4A88-9765-971BED575609}"
EndProject
Project("{9A19103F-16F7-4668-BE54-9A1E7A4F7556}") = "Tuiu.AvdeevAS.Sprint0.Task0.V0", "Tuiu.AvdeevAS.Sprint0.Task0.V0\Tuiu.AvdeevAS.Sprint0.Task0.V0.csproj", "{8DC0F424-8FCB-42E7-9B10-7CEF73E986E4}"
EndProject
Project("{2150E333-8FDC-42A3-9474-1A3956D46DE8}") = "Task1", "Task1", "{79E27967-9D6F-4E17-B547-C147E5B2B9F1}"
EndProject
Project("{9A19103F-16F7-4668-BE54-9A1E7A4F7556}") = "Tyuiu.AvdeevAS.Sprint0.Task1.V0", "Tyuiu.AvdeevAS.Sprint0.Task1.V0\Tyuiu.AvdeevAS.Sprint0.Task1.V0.csproj", "{929D82F0-99F0-4B69-BBBA-BF1874EA1B74}"
EndProject
Project("{2150E333-8FDC-42A3-9474-1A3956D46DE8}") = "Task2", "Task2", "{68D44210-B634-4B2A-85B9-087120A30512}"
EndProject
Project("{9A19103F-16F7-4668-BE54-9A1E7A4F7556}") = "Tyuiu.AvdeevAS.Sprint0.Task2.V0", "Tyuiu.AvdeevAS.Sprint0.Task2.V0\Tyuiu.AvdeevAS.Sprint0.Task2.V0.csproj", "{AA97D69A-E43F-4C9E-9F20-80622DFEC4E3}"
EndProject
Project("{9A19103F-16F7-4668-BE54-9A1E7A4F7556}") = "Tyuiu.AvdeevAS.Sprint0.Task2.V0.Lib", "Tyuiu.AvdeevAS.Sprint0.Task2.V0.Lib\Tyuiu.AvdeevAS.Sprint0.Task2.V0.Lib.csproj", "{473106DA-C1C7-4018-945E-4F4202EA7E71}"
EndProject
Project("{9A19103F-16F7-4668-BE54-9A1E7A4F7556}") = "Tyuiu.AvdeevAS.Sprint0.Task2.V0.Test", "Tyuiu.AvdeevAS.Sprint0.Task2.V0.Test\Tyuiu.AvdeevAS.Sprint0.Task2.V0.Test.csproj", "{70815DE5-3A19-4F15-BC94-3237DC4BD7E5}"
EndProject
Project("{2150E333-8FDC-42A3-9474-1A3956D46DE8}") = "Task3", "Task3", "{33615F9F-5049-4507-B98B-935D68E66D08}"
EndProject
Project("{9A19103F-16F7-4668-BE54-9A1E7A4F7556}") = "Tyuiu.AvdeevAS.Sprint0.Task3.V0", "Tyuiu.AvdeevAS.Sprint0.Task3.V0\Tyuiu.AvdeevAS.Sprint0.Task3.V0.csproj", "{341E890A-10D3-4FC6-A112-866E87741098}"
EndProject
Project("{9A19103F-16F7-4668-BE54-9A1E7A4F7556}") = "Tyuiu.AvdeevAS.Sprint0.Task3.V0.Lib", "Tyuiu.AvdeevAS.Sprint0.Task3.V0.Lib\Tyuiu.AvdeevAS.Sprint0.Task3.V0.Lib.csproj", "{3A57080D-7D7A-4E4C-BFEC-F296B1750754}"
EndProject
Project("{9A19103F-16F7-4668-BE54-9A1E7A4F7556}") = "Tyuiu.AvdeevAS.Sprint0.Task3.V0.Test", "Tyuiu.AvdeevAS.Sprint0.Task3.V0.Test\Tyuiu.AvdeevAS.Sprint0.Task3.V0.Test.csproj", "{481F857D-A9A2-4660-ADEC-C929CDBCDEBF}"
EndProject
Project("{2150E333-8FDC-42A3-9474-1A3956D46DE8}") = "Task4", "Task4", "{4A636F55-8B48-497E-9E0E-8B662C817F0B}"
EndProject
Project("{9A19103F-16F7-4668-BE54-9A1E7A4F7556}") = "Tyuiu.AvdeevAS.Sprint0.Task4.V0", "Tyuiu.AvdeevAS.Sprint0.Task4.V0\Tyuiu.AvdeevAS.Sprint0.Task4.V0.csproj", "{7B22F64B-6A15-4295-BB66-9A812B2843FC}"
EndProject
Project("{9A19103F-16F7-4668-BE54-9A1E7A4F7556}") = "Tyuiu.AvdeevAS.Sprint0.Task4.V0.Lib", "Tyuiu.AvdeevAS.Sprint0.Task4.V0.Lib\Tyuiu.AvdeevAS.Sprint0.Task4.V0.Lib.csproj", "{844D3EAA-6EEB-463B-BE5A-7A156B92FF28}"
EndProject
Project("{9A19103F-16F7-4668-BE54-9A1E7A4F7556}") = "Tyuiu.AvdeevAS.Sprint0.Task4.V0.Test", "Tyuiu.AvdeevAS.Sprint0.Task4.V0.Test\Tyuiu.AvdeevAS.Sprint0.Task4.V0.Test.csproj", "{AE501285-0330-4140-A822-48D5B28D8BE8}"
EndProject
Project("{2150E333-8FDC-42A3-9474-1A3956D46DE8}") = "Task5", "Task5", "{966AD4D1-EF84-4C7C-85CE-3DA032E86BDC}"
EndProject
Project("{FAE04EC0-301F-11D3-BF4B-00C04F79EFBC}") = "Tyuiu.AvdeevAS.Sprint0.Task5.V0", "Tyuiu.AvdeevAS.Sprint0.Task5.V0\Tyuiu.AvdeevAS.Sprint0.Task5.V0.csproj", "{BBA742DD-AF71-47D8-8E52-4F81A5B48188}"
EndProject
Project("{FAE04EC0-301F-11D3-BF4B-00C04F79EFBC}") = "Tyuiu.AvdeevAS.Sprint0.Task5.V0.Lib", "Tyuiu.AvdeevAS.Sprint0.Task5.V0.Lib\Tyuiu.AvdeevAS.Sprint0.Task5.V0.Lib.csproj", "{DE6A959D-479E-4724-9A67-60CAE1EFEFE4}"
EndProject
Project("{FAE04EC0-301F-11D3-BF4B-00C04F79EFBC}") = "Tyuiu.AvdeevAS.Sprint0.Task5.V0.Test", "Tyuiu.AvdeevAS.Sprint0.Task5.V0.Test\Tyuiu.AvdeevAS.Sprint0.Task5.V0.Test.csproj", "{7572E7E7-498F-46C5-8AC9-5570988A5FE4}"
EndProject
Project("{2150E333-8FDC-42A3-9474-1A3956D46DE8}") = "Task6", "Task6", "{3E4CFE06-8CB8-44AC-936C-75735019C84D}"
EndProject
Project("{FAE04EC0-301F-11D3-BF4B-00C04F79EFBC}") = "Tyuiu.AvdeevAS.Sprint0.Task6.V0", "Tyuiu.AvdeevAS.Sprint0.Task6.V0\Tyuiu.AvdeevAS.Sprint0.Task6.V0.csproj", "{838DE282-E630-4782-AB60-D38D02C0A195}"
EndProject
Project("{FAE04EC0-301F-11D3-BF4B-00C04F79EFBC}") = "Tyuiu.AvdeevAS.Sprint0.Task6.V0.Lib", "Tyuiu.AvdeevAS.Sprint0.Task6.V0.Lib\Tyuiu.AvdeevAS.Sprint0.Task6.V0.Lib.csproj", "{9E90304D-C3C1-4D8C-86E7-C32EB052DEE5}"
EndProject
Project("{FAE04EC0-301F-11D3-BF4B-00C04F79EFBC}") = "Tyuiu.AvdeevAS.Sprint0.Task6.V0.Test", "Tyuiu.AvdeevAS.Sprint0.Task6.V0.Test\Tyuiu.AvdeevAS.Sprint0.Task6.V0.Test.csproj", "{64883781-71CA-4436-8082-A6438479D573}"
EndProject
Project("{2150E333-8FDC-42A3-9474-1A3956D46DE8}") = "Task7", "Task7", "{DEE00BF7-B883-437D-AA4C-16A8D191F684}"
EndProject
Project("{FAE04EC0-301F-11D3-BF4B-00C04F79EFBC}") = "Tyuiu.AvdeevAS.Sprint0.Task7.V0", "Tyuiu.AvdeevAS.Sprint0.Task7.V0\Tyuiu.AvdeevAS.Sprint0.Task7.V0.csproj", "{02F9275B-FA25-4A78-AA17-70F09992935A}"
EndProject
Project("{FAE04EC0-301F-11D3-BF4B-00C04F79EFBC}") = "Tyuiu.AvdeevAS.Sprint0.Task7.V0.Lib", "Tyuiu.AvdeevAS.Sprint0.Task7.V0.Lib\Tyuiu.AvdeevAS.Sprint0.Task7.V0.Lib.csproj", "{DDDC6F20-3E43-4B9D-90DE-C5AF61D96AE4}"
EndProject
Project("{FAE04EC0-301F-11D3-BF4B-00C04F79EFBC}") = "Tyuiu.AvdeevAS.Sprint0.Task7.V0.Test", "Tyuiu.AvdeevAS.Sprint0.Task7.V0.Test\Tyuiu.AvdeevAS.Sprint0.Task7.V0.Test.csproj", "{E9B51B62-53F4-4AFD-BA50-91F0C1E0A926}"
EndProject
Global
	GlobalSection(SolutionConfigurationPlatforms) = preSolution
		Debug|Any CPU = Debug|Any CPU
		Release|Any CPU = Release|Any CPU
	EndGlobalSection
	GlobalSection(ProjectConfigurationPlatforms) = postSolution
		{8DC0F424-8FCB-42E7-9B10-7CEF73E986E4}.Debug|Any CPU.ActiveCfg = Debug|Any CPU
		{8DC0F424-8FCB-42E7-9B10-7CEF73E986E4}.Debug|Any CPU.Build.0 = Debug|Any CPU
		{8DC0F424-8FCB-42E7-9B10-7CEF73E986E4}.Release|Any CPU.ActiveCfg = Release|Any CPU
		{8DC0F424-8FCB-42E7-9B10-7CEF73E986E4}.Release|Any CPU.Build.0 = Release|Any CPU
		{929D82F0-99F0-4B69-BBBA-BF1874EA1B74}.Debug|Any CPU.ActiveCfg = Debug|Any CPU
		{929D82F0-99F0-4B69-BBBA-BF1874EA1B74}.Debug|Any CPU.Build.0 = Debug|Any CPU
		{929D82F0-99F0-4B69-BBBA-BF1874EA1B74}.Release|Any CPU.ActiveCfg = Release|Any CPU
		{929D82F0-99F0-4B69-BBBA-BF1874EA1B74}.Release|Any CPU.Build.0 = Release|Any CPU
		{AA97D69A-E43F-4C9E-9F20-80622DFEC4E3}.Debug|Any CPU.ActiveCfg = Debug|Any CPU
		{AA97D69A-E43F-4C9E-9F20-80622DFEC4E3}.Debug|Any CPU.Build.0 = Debug|Any CPU
		{AA97D69A-E43F-4C9E-9F20-80622DFEC4E3}.Release|Any CPU.ActiveCfg = Release|Any CPU
		{AA97D69A-E43F-4C9E-9F20-80622DFEC4E3}.Release|Any CPU.Build.0 = Release|Any CPU
		{473106DA-C1C7-4018-945E-4F4202EA7E71}.Debug|Any CPU.ActiveCfg = Debug|Any CPU
		{473106DA-C1C7-4018-945E-4F4202EA7E71}.Debug|Any CPU.Build.0 = Debug|Any CPU
		{473106DA-C1C7-4018-945E-4F4202EA7E71}.Release|Any CPU.ActiveCfg = Release|Any CPU
		{473106DA-C1C7-4018-945E-4F4202EA7E71}.Release|Any CPU.Build.0 = Release|Any CPU
		{70815DE5-3A19-4F15-BC94-3237DC4BD7E5}.Debug|Any CPU.ActiveCfg = Debug|Any CPU
		{70815DE5-3A19-4F15-BC94-3237DC4BD7E5}.Debug|Any CPU.Build.0 = Debug|Any CPU
		{70815DE5-3A19-4F15-BC94-3237DC4BD7E5}.Release|Any CPU.ActiveCfg = Release|Any CPU
		{70815DE5-3A19-4F15-BC94-3237DC4BD7E5}.Release|Any CPU.Build.0 = Release|Any CPU
		{341E890A-10D3-4FC6-A112-866E87741098}.Debug|Any CPU.ActiveCfg = Debug|Any CPU
		{341E890A-10D3-4FC6-A112-866E87741098}.Debug|Any CPU.Build.0 = Debug|Any CPU
		{341E890A-10D3-4FC6-A112-866E87741098}.Release|Any CPU.ActiveCfg = Release|Any CPU
		{341E890A-10D3-4FC6-A112-866E87741098}.Release|Any CPU.Build.0 = Release|Any CPU
		{3A57080D-7D7A-4E4C-BFEC-F296B1750754}.Debug|Any CPU.ActiveCfg = Debug|Any CPU
		{3A57080D-7D7A-4E4C-BFEC-F296B1750754}.Debug|Any CPU.Build.0 = Debug|Any CPU
		{3A57080D-7D7A-4E4C-BFEC-F296B1750754}.Release|Any CPU.ActiveCfg = Release|Any CPU
		{3A57080D-7D7A-4E4C-BFEC-F296B1750754}.Release|Any CPU.Build.0 = Release|Any CPU
		{481F857D-A9A2-4660-ADEC-C929CDBCDEBF}.Debug|Any CPU.ActiveCfg = Debug|Any CPU
		{481F857D-A9A2-4660-ADEC-C929CDBCDEBF}.Debug|Any CPU.Build.0 = Debug|Any CPU
		{481F857D-A9A2-4660-ADEC-C929CDBCDEBF}.Release|Any CPU.ActiveCfg = Release|Any CPU
		{481F857D-A9A2-4660-ADEC-C929CDBCDEBF}.Release|Any CPU.Build.0 = Release|Any CPU
		{7B22F64B-6A15-4295-BB66-9A812B2843FC}.Debug|Any CPU.ActiveCfg = Debug|Any CPU
		{7B22F64B-6A15-4295-BB66-9A812B2843FC}.Debug|Any CPU.Build.0 = Debug|Any CPU
		{7B22F64B-6A15-4295-BB66-9A812B2843FC}.Release|Any CPU.ActiveCfg = Release|Any CPU
		{7B22F64B-6A15-4295-BB66-9A812B2843FC}.Release|Any CPU.Build.0 = Release|Any CPU
		{844D3EAA-6EEB-463B-BE5A-7A156B92FF28}.Debug|Any CPU.ActiveCfg = Debug|Any CPU
		{844D3EAA-6EEB-463B-BE5A-7A156B92FF28}.Debug|Any CPU.Build.0 = Debug|Any CPU
		{844D3EAA-6EEB-463B-BE5A-7A156B92FF28}.Release|Any CPU.ActiveCfg = Release|Any CPU
		{844D3EAA-6EEB-463B-BE5A-7A156B92FF28}.Release|Any CPU.Build.0 = Release|Any CPU
		{AE501285-0330-4140-A822-48D5B28D8BE8}.Debug|Any CPU.ActiveCfg = Debug|Any CPU
		{AE501285-0330-4140-A822-48D5B28D8BE8}.Debug|Any CPU.Build.0 = Debug|Any CPU
		{AE501285-0330-4140-A822-48D5B28D8BE8}.Release|Any CPU.ActiveCfg = Release|Any CPU
		{AE501285-0330-4140-A822-48D5B28D8BE8}.Release|Any CPU.Build.0 = Release|Any CPU
		{BBA742DD-AF71-47D8-8E52-4F81A5B48188}.Debug|Any CPU.ActiveCfg = Debug|Any CPU
		{BBA742DD-AF71-47D8-8E52-4F81A5B48188}.Debug|Any CPU.Build.0 = Debug|Any CPU
		{BBA742DD-AF71-47D8-8E52-4F81A5B48188}.Release|Any CPU.ActiveCfg = Release|Any CPU
		{BBA742DD-AF71-47D8-8E52-4F81A5B48188}.Release|Any CPU.Build.0 = Release|Any CPU
		{DE6A959D-479E-4724-9A67-60CAE1EFEFE4}.Debug|Any CPU.ActiveCfg = Debug|Any CPU
		{DE6A959D-479E-4724-9A67-60CAE1EFEFE4}.Debug|Any CPU.Build.0 = Debug|Any CPU
		{DE6A959D-479E-4724-9A67-60CAE1EFEFE4}.Release|Any CPU.ActiveCfg = Release|Any CPU
		{DE6A959D-479E-4724-9A67-60CAE1EFEFE4}.Release|Any CPU.Build.0 = Release|Any CPU
		{7572E7E7-498F-46C5-8AC9-5570988A5FE4}.Debug|Any CPU.ActiveCfg = Debug|Any CPU
		{7572E7E7-498F-46C5-8AC9-5570988A5FE4}.Debug|Any CPU.Build.0 = Debug|Any CPU
		{7572E7E7-498F-46C5-8AC9-5570988A5FE4}.Release|Any CPU.ActiveCfg = Release|Any CPU
		{7572E7E7-498F-46C5-8AC9-5570988A5FE4}.Release|Any CPU.Build.0 = Release|Any CPU
		{838DE282-E630-4782-AB60-D38D02C0A195}.Debug|Any CPU.ActiveCfg = Debug|Any CPU
		{838DE282-E630-4782-AB60-D38D02C0A195}.Debug|Any CPU.Build.0 = Debug|Any CPU
		{838DE282-E630-4782-AB60-D38D02C0A195}.Release|Any CPU.ActiveCfg = Release|Any CPU
		{838DE282-E630-4782-AB60-D38D02C0A195}.Release|Any CPU.Build.0 = Release|Any CPU
		{9E90304D-C3C1-4D8C-86E7-C32EB052DEE5}.Debug|Any CPU.ActiveCfg = Debug|Any CPU
		{9E90304D-C3C1-4D8C-86E7-C32EB052DEE5}.Debug|Any CPU.Build.0 = Debug|Any CPU
		{9E90304D-C3C1-4D8C-86E7-C32EB052DEE5}.Release|Any CPU.ActiveCfg = Release|Any CPU
		{9E90304D-C3C1-4D8C-86E7-C32EB052DEE5}.Release|Any CPU.Build.0 = Release|Any CPU
		{64883781-71CA-4436-8082-A6438479D573}.Debug|Any CPU.ActiveCfg = Debug|Any CPU
		{64883781-71CA-4436-8082-A6438479D573}.Debug|Any CPU.Build.0 = Debug|Any CPU
		{64883781-71CA-4436-8082-A6438479D573}.Release|Any CPU.ActiveCfg = Release|Any CPU
		{64883781-71CA-4436-8082-A6438479D573}.Release|Any CPU.Build.0 = Release|Any CPU
		{02F9275B-FA25-4A78-AA17-70F09992935A}.Debug|Any CPU.ActiveCfg = Debug|Any CPU
		{02F9275B-FA25-4A78-AA17-70F09992935A}.Debug|Any CPU.Build.0 = Debug|Any CPU
		{02F9275B-FA25-4A78-AA17-70F09992935A}.Release|Any CPU.ActiveCfg = Release|Any CPU
		{02F9275B-FA25-4A78-AA17-70F09992935A}.Release|Any CPU.Build.0 = Release|Any CPU
		{DDDC6F20-3E43-4B9D-90DE-C5AF61D96AE4}.Debug|Any CPU.ActiveCfg = Debug|Any CPU
		{DDDC6F20-3E43-4B9D-90DE-C5AF61D96AE4}.Debug|Any CPU.Build.0 = Debug|Any CPU
		{DDDC6F20-3E43-4B9D-90DE-C5AF61D96AE4}.Release|Any CPU.ActiveCfg = Release|Any CPU
		{DDDC6F20-3E43-4B9D-90DE-C5AF61D96AE4}.Release|Any CPU.Build.0 = Release|Any CPU
		{E9B51B62-53F4-4AFD-BA50-91F0C1E0A926}.Debug|Any CPU.ActiveCfg = Debug|Any CPU
		{E9B51B62-53F4-4AFD-BA50-91F0C1E0A926}.Debug|Any CPU.Build.0 = Debug|Any CPU
		{E9B51B62-53F4-4AFD-BA50-91F0C1E0A926}.Release|Any CPU.ActiveCfg = Release|Any CPU
		{E9B51B62-53F4-4AFD-BA50-91F0C1E0A926}.Release|Any CPU.Build.0 = Release|Any CPU
	EndGlobalSection
	GlobalSection(SolutionProperties) = preSolution
		HideSolutionNode = FALSE
	EndGlobalSection
	GlobalSection(NestedProjects) = preSolution
		{8DC0F424-8FCB-42E7-9B10-7CEF73E986E4} = {08A6494A-1D3A-4A88-9765-971BED575609}
		{929D82F0-99F0-4B69-BBBA-BF1874EA1B74} = {79E27967-9D6F-4E17-B547-C147E5B2B9F1}
		{AA97D69A-E43F-4C9E-9F20-80622DFEC4E3} = {68D44210-B634-4B2A-85B9-087120A30512}
		{473106DA-C1C7-4018-945E-4F4202EA7E71} = {68D44210-B634-4B2A-85B9-087120A30512}
		{70815DE5-3A19-4F15-BC94-3237DC4BD7E5} = {68D44210-B634-4B2A-85B9-087120A30512}
		{341E890A-10D3-4FC6-A112-866E87741098} = {33615F9F-5049-4507-B98B-935D68E66D08}
		{3A57080D-7D7A-4E4C-BFEC-F296B1750754} = {33615F9F-5049-4507-B98B-935D68E66D08}
		{481F857D-A9A2-4660-ADEC-C929CDBCDEBF} = {33615F9F-5049-4507-B98B-935D68E66D08}
		{7B22F64B-6A15-4295-BB66-9A812B2843FC} = {4A636F55-8B48-497E-9E0E-8B662C817F0B}
		{844D3EAA-6EEB-463B-BE5A-7A156B92FF28} = {4A636F55-8B48-497E-9E0E-8B662C817F0B}
		{AE501285-0330-4140-A822-48D5B28D8BE8} = {4A636F55-8B48-497E-9E0E-8B662C817F0B}
		{BBA742DD-AF71-47D8-8E52-4F81A5B48188} = {966AD4D1-EF84-4C7C-85CE-3DA032E86BDC}
		{DE6A959D-479E-4724-9A67-60CAE1EFEFE4} = {966AD4D1-EF84-4C7C-85CE-3DA032E86BDC}
		{7572E7E7-498F-46C5-8AC9-5570988A5FE4} = {966AD4D1-EF84-4C7C-85CE-3DA032E86BDC}
		{838DE282-E630-4782-AB60-D38D02C0A195} = {3E4CFE06-8CB8-44AC-936C-75735019C84D}
		{9E90304D-C3C1-4D8C-86E7-C32EB052DEE5} = {3E4CFE06-8CB8-44AC-936C-75735019C84D}
		{64883781-71CA-4436-8082-A6438479D573} = {3E4CFE06-8CB8-44AC-936C-75735019C84D}
		{02F9275B-FA25-4A78-AA17-70F09992935A} = {DEE00BF7-B883-437D-AA4C-16A8D191F684}
		{DDDC6F20-3E43-4B9D-90DE-C5AF61D96AE4} = {DEE00BF7-B883-437D-AA4C-16A8D191F684}
		{E9B51B62-53F4-4AFD-BA50-91F0C1E0A926} = {DEE00BF7-B883-437D-AA4C-16A8D191F684}
	EndGlobalSection
	GlobalSection(ExtensibilityGlobals) = postSolution
		SolutionGuid = {3A609B39-22F6-4C1C-B58C-4F6E9D9C1C9E}
	EndGlobalSection
EndGlobal
